// !$*UTF8*$!
{
	archiveVersion = 1;
	classes = {
	};
	objectVersion = 56;
	objects = {

/* Begin PBXBuildFile section */
		0409EB902C46820600BAB702 /* CityListViewModel.swift in Sources */ = {isa = PBXBuildFile; fileRef = 0409EB8F2C46820600BAB702 /* CityListViewModel.swift */; };
		0425CB802C41664E00B94F4D /* CurrentWeatherView.swift in Sources */ = {isa = PBXBuildFile; fileRef = 0425CB7F2C41664E00B94F4D /* CurrentWeatherView.swift */; };
		0425CB822C417C9A00B94F4D /* FiveDaysTableViewCell.swift in Sources */ = {isa = PBXBuildFile; fileRef = 0425CB812C417C9A00B94F4D /* FiveDaysTableViewCell.swift */; };
		0425CB842C418AB500B94F4D /* MainBottomView.swift in Sources */ = {isa = PBXBuildFile; fileRef = 0425CB832C418AB500B94F4D /* MainBottomView.swift */; };
		0425CB882C42569200B94F4D /* CityList.json in Resources */ = {isa = PBXBuildFile; fileRef = 0425CB872C42569200B94F4D /* CityList.json */; };
		0425CB8A2C4257B800B94F4D /* City.swift in Sources */ = {isa = PBXBuildFile; fileRef = 0425CB892C4257B800B94F4D /* City.swift */; };
		0425CB8C2C4267AF00B94F4D /* CityListViewController.swift in Sources */ = {isa = PBXBuildFile; fileRef = 0425CB8B2C4267AF00B94F4D /* CityListViewController.swift */; };
		0425CB902C426CA700B94F4D /* CityListTableViewCell.swift in Sources */ = {isa = PBXBuildFile; fileRef = 0425CB8F2C426CA700B94F4D /* CityListTableViewCell.swift */; };
		0425CB932C42B6C300B94F4D /* IQKeyboardManagerSwift in Frameworks */ = {isa = PBXBuildFile; productRef = 0425CB922C42B6C300B94F4D /* IQKeyboardManagerSwift */; };
		0425CBA02C42CDFE00B94F4D /* UserDefaultsManager.swift in Sources */ = {isa = PBXBuildFile; fileRef = 0425CB9F2C42CDFE00B94F4D /* UserDefaultsManager.swift */; };
		0425CBA32C42CF3D00B94F4D /* String+Extension.swift in Sources */ = {isa = PBXBuildFile; fileRef = 0425CBA22C42CF3D00B94F4D /* String+Extension.swift */; };
		04671F622C3FBDD700EF5C1B /* AppDelegate.swift in Sources */ = {isa = PBXBuildFile; fileRef = 04671F612C3FBDD700EF5C1B /* AppDelegate.swift */; };
		04671F642C3FBDD700EF5C1B /* SceneDelegate.swift in Sources */ = {isa = PBXBuildFile; fileRef = 04671F632C3FBDD700EF5C1B /* SceneDelegate.swift */; };
		04671F662C3FBDD700EF5C1B /* MainViewController.swift in Sources */ = {isa = PBXBuildFile; fileRef = 04671F652C3FBDD700EF5C1B /* MainViewController.swift */; };
		04671F6B2C3FBDD800EF5C1B /* Assets.xcassets in Resources */ = {isa = PBXBuildFile; fileRef = 04671F6A2C3FBDD800EF5C1B /* Assets.xcassets */; };
		04671F6E2C3FBDD800EF5C1B /* Base in Resources */ = {isa = PBXBuildFile; fileRef = 04671F6D2C3FBDD800EF5C1B /* Base */; };
		04671F762C3FBE0000EF5C1B /* .gitignore in Resources */ = {isa = PBXBuildFile; fileRef = 04671F752C3FBE0000EF5C1B /* .gitignore */; };
		04671F7D2C3FC29A00EF5C1B /* SnapKit in Frameworks */ = {isa = PBXBuildFile; productRef = 04671F7C2C3FC29A00EF5C1B /* SnapKit */; };
		04671F802C3FC2C700EF5C1B /* Alamofire in Frameworks */ = {isa = PBXBuildFile; productRef = 04671F7F2C3FC2C700EF5C1B /* Alamofire */; };
		04671F842C3FD92000EF5C1B /* Weather.swift in Sources */ = {isa = PBXBuildFile; fileRef = 04671F832C3FD92000EF5C1B /* Weather.swift */; };
		04671F862C3FDA0E00EF5C1B /* APIKey.swift in Sources */ = {isa = PBXBuildFile; fileRef = 04671F852C3FDA0E00EF5C1B /* APIKey.swift */; };
		04671F882C3FE06D00EF5C1B /* OpenWeatherManager.swift in Sources */ = {isa = PBXBuildFile; fileRef = 04671F872C3FE06D00EF5C1B /* OpenWeatherManager.swift */; };
		04671F8A2C40EAA500EF5C1B /* MainViewModel.swift in Sources */ = {isa = PBXBuildFile; fileRef = 04671F892C40EAA500EF5C1B /* MainViewModel.swift */; };
		04671F8E2C40EE5300EF5C1B /* Observable.swift in Sources */ = {isa = PBXBuildFile; fileRef = 04671F8D2C40EE5300EF5C1B /* Observable.swift */; };
		04671F902C40EFE100EF5C1B /* OpenWeatherRouter.swift in Sources */ = {isa = PBXBuildFile; fileRef = 04671F8F2C40EFE100EF5C1B /* OpenWeatherRouter.swift */; };
		04671F952C410E6700EF5C1B /* WeatherDetailView.swift in Sources */ = {isa = PBXBuildFile; fileRef = 04671F942C410E6700EF5C1B /* WeatherDetailView.swift */; };
		04671F972C410EB900EF5C1B /* DividerLine.swift in Sources */ = {isa = PBXBuildFile; fileRef = 04671F962C410EB900EF5C1B /* DividerLine.swift */; };
		04671F992C4118D000EF5C1B /* ThreeHoursCollectionViewCell.swift in Sources */ = {isa = PBXBuildFile; fileRef = 04671F982C4118D000EF5C1B /* ThreeHoursCollectionViewCell.swift */; };
		04671F9B2C411B6300EF5C1B /* IDProtocol.swift in Sources */ = {isa = PBXBuildFile; fileRef = 04671F9A2C411B6300EF5C1B /* IDProtocol.swift */; };
		04671F9E2C4123D500EF5C1B /* Kingfisher in Frameworks */ = {isa = PBXBuildFile; productRef = 04671F9D2C4123D500EF5C1B /* Kingfisher */; };
		047EB4C92C47929C00612562 /* SelectLocationMapView.swift in Sources */ = {isa = PBXBuildFile; fileRef = 047EB4C82C47929C00612562 /* SelectLocationMapView.swift */; };
		04FD29572C437FB8001C6739 /* WeatherDetailCollectionViewCell.swift in Sources */ = {isa = PBXBuildFile; fileRef = 04FD29562C437FB8001C6739 /* WeatherDetailCollectionViewCell.swift */; };
		04FD29592C438ADC001C6739 /* UIViewController+Extension.swift in Sources */ = {isa = PBXBuildFile; fileRef = 04FD29582C438ADC001C6739 /* UIViewController+Extension.swift */; };
		04FD295B2C439304001C6739 /* Enum.swift in Sources */ = {isa = PBXBuildFile; fileRef = 04FD295A2C439304001C6739 /* Enum.swift */; };
/* End PBXBuildFile section */

/* Begin PBXFileReference section */
		0409EB8F2C46820600BAB702 /* CityListViewModel.swift */ = {isa = PBXFileReference; lastKnownFileType = sourcecode.swift; path = CityListViewModel.swift; sourceTree = "<group>"; };
		0425CB7F2C41664E00B94F4D /* CurrentWeatherView.swift */ = {isa = PBXFileReference; lastKnownFileType = sourcecode.swift; path = CurrentWeatherView.swift; sourceTree = "<group>"; };
		0425CB812C417C9A00B94F4D /* FiveDaysTableViewCell.swift */ = {isa = PBXFileReference; lastKnownFileType = sourcecode.swift; path = FiveDaysTableViewCell.swift; sourceTree = "<group>"; };
		0425CB832C418AB500B94F4D /* MainBottomView.swift */ = {isa = PBXFileReference; lastKnownFileType = sourcecode.swift; path = MainBottomView.swift; sourceTree = "<group>"; };
		0425CB872C42569200B94F4D /* CityList.json */ = {isa = PBXFileReference; fileEncoding = 4; lastKnownFileType = text.json; path = CityList.json; sourceTree = "<group>"; };
		0425CB892C4257B800B94F4D /* City.swift */ = {isa = PBXFileReference; lastKnownFileType = sourcecode.swift; path = City.swift; sourceTree = "<group>"; };
		0425CB8B2C4267AF00B94F4D /* CityListViewController.swift */ = {isa = PBXFileReference; lastKnownFileType = sourcecode.swift; path = CityListViewController.swift; sourceTree = "<group>"; };
		0425CB8F2C426CA700B94F4D /* CityListTableViewCell.swift */ = {isa = PBXFileReference; lastKnownFileType = sourcecode.swift; path = CityListTableViewCell.swift; sourceTree = "<group>"; };
		0425CB9F2C42CDFE00B94F4D /* UserDefaultsManager.swift */ = {isa = PBXFileReference; lastKnownFileType = sourcecode.swift; path = UserDefaultsManager.swift; sourceTree = "<group>"; };
		0425CBA22C42CF3D00B94F4D /* String+Extension.swift */ = {isa = PBXFileReference; lastKnownFileType = sourcecode.swift; path = "String+Extension.swift"; sourceTree = "<group>"; };
		04671F5E2C3FBDD700EF5C1B /* OpenWeather.app */ = {isa = PBXFileReference; explicitFileType = wrapper.application; includeInIndex = 0; path = OpenWeather.app; sourceTree = BUILT_PRODUCTS_DIR; };
		04671F612C3FBDD700EF5C1B /* AppDelegate.swift */ = {isa = PBXFileReference; lastKnownFileType = sourcecode.swift; path = AppDelegate.swift; sourceTree = "<group>"; };
		04671F632C3FBDD700EF5C1B /* SceneDelegate.swift */ = {isa = PBXFileReference; lastKnownFileType = sourcecode.swift; path = SceneDelegate.swift; sourceTree = "<group>"; };
		04671F652C3FBDD700EF5C1B /* MainViewController.swift */ = {isa = PBXFileReference; lastKnownFileType = sourcecode.swift; path = MainViewController.swift; sourceTree = "<group>"; };
		04671F6A2C3FBDD800EF5C1B /* Assets.xcassets */ = {isa = PBXFileReference; lastKnownFileType = folder.assetcatalog; path = Assets.xcassets; sourceTree = "<group>"; };
		04671F6D2C3FBDD800EF5C1B /* Base */ = {isa = PBXFileReference; lastKnownFileType = file.storyboard; name = Base; path = Base.lproj/LaunchScreen.storyboard; sourceTree = "<group>"; };
		04671F6F2C3FBDD800EF5C1B /* Info.plist */ = {isa = PBXFileReference; lastKnownFileType = text.plist.xml; path = Info.plist; sourceTree = "<group>"; };
		04671F752C3FBE0000EF5C1B /* .gitignore */ = {isa = PBXFileReference; lastKnownFileType = text; path = .gitignore; sourceTree = "<group>"; };
		04671F832C3FD92000EF5C1B /* Weather.swift */ = {isa = PBXFileReference; lastKnownFileType = sourcecode.swift; path = Weather.swift; sourceTree = "<group>"; };
		04671F852C3FDA0E00EF5C1B /* APIKey.swift */ = {isa = PBXFileReference; lastKnownFileType = sourcecode.swift; path = APIKey.swift; sourceTree = "<group>"; };
		04671F872C3FE06D00EF5C1B /* OpenWeatherManager.swift */ = {isa = PBXFileReference; lastKnownFileType = sourcecode.swift; path = OpenWeatherManager.swift; sourceTree = "<group>"; };
		04671F892C40EAA500EF5C1B /* MainViewModel.swift */ = {isa = PBXFileReference; lastKnownFileType = sourcecode.swift; path = MainViewModel.swift; sourceTree = "<group>"; };
		04671F8D2C40EE5300EF5C1B /* Observable.swift */ = {isa = PBXFileReference; lastKnownFileType = sourcecode.swift; path = Observable.swift; sourceTree = "<group>"; };
		04671F8F2C40EFE100EF5C1B /* OpenWeatherRouter.swift */ = {isa = PBXFileReference; lastKnownFileType = sourcecode.swift; path = OpenWeatherRouter.swift; sourceTree = "<group>"; };
		04671F942C410E6700EF5C1B /* WeatherDetailView.swift */ = {isa = PBXFileReference; lastKnownFileType = sourcecode.swift; path = WeatherDetailView.swift; sourceTree = "<group>"; };
		04671F962C410EB900EF5C1B /* DividerLine.swift */ = {isa = PBXFileReference; lastKnownFileType = sourcecode.swift; path = DividerLine.swift; sourceTree = "<group>"; };
		04671F982C4118D000EF5C1B /* ThreeHoursCollectionViewCell.swift */ = {isa = PBXFileReference; lastKnownFileType = sourcecode.swift; path = ThreeHoursCollectionViewCell.swift; sourceTree = "<group>"; };
		04671F9A2C411B6300EF5C1B /* IDProtocol.swift */ = {isa = PBXFileReference; lastKnownFileType = sourcecode.swift; path = IDProtocol.swift; sourceTree = "<group>"; };
		047EB4C82C47929C00612562 /* SelectLocationMapView.swift */ = {isa = PBXFileReference; lastKnownFileType = sourcecode.swift; path = SelectLocationMapView.swift; sourceTree = "<group>"; };
		04FD29562C437FB8001C6739 /* WeatherDetailCollectionViewCell.swift */ = {isa = PBXFileReference; lastKnownFileType = sourcecode.swift; path = WeatherDetailCollectionViewCell.swift; sourceTree = "<group>"; };
		04FD29582C438ADC001C6739 /* UIViewController+Extension.swift */ = {isa = PBXFileReference; lastKnownFileType = sourcecode.swift; path = "UIViewController+Extension.swift"; sourceTree = "<group>"; };
		04FD295A2C439304001C6739 /* Enum.swift */ = {isa = PBXFileReference; lastKnownFileType = sourcecode.swift; path = Enum.swift; sourceTree = "<group>"; };
/* End PBXFileReference section */

/* Begin PBXFrameworksBuildPhase section */
		04671F5B2C3FBDD700EF5C1B /* Frameworks */ = {
			isa = PBXFrameworksBuildPhase;
			buildActionMask = 2147483647;
			files = (
				04671F9E2C4123D500EF5C1B /* Kingfisher in Frameworks */,
				0425CB932C42B6C300B94F4D /* IQKeyboardManagerSwift in Frameworks */,
				04671F7D2C3FC29A00EF5C1B /* SnapKit in Frameworks */,
				04671F802C3FC2C700EF5C1B /* Alamofire in Frameworks */,
			);
			runOnlyForDeploymentPostprocessing = 0;
		};
/* End PBXFrameworksBuildPhase section */

/* Begin PBXGroup section */
		0409EB912C46983500BAB702 /* ViewModel */ = {
			isa = PBXGroup;
			children = (
				0409EB8F2C46820600BAB702 /* CityListViewModel.swift */,
			);
			path = ViewModel;
			sourceTree = "<group>";
		};
		0425CB7E2C413D6E00B94F4D /* CustomView */ = {
			isa = PBXGroup;
			children = (
				0425CB7F2C41664E00B94F4D /* CurrentWeatherView.swift */,
				0425CB832C418AB500B94F4D /* MainBottomView.swift */,
				04671F942C410E6700EF5C1B /* WeatherDetailView.swift */,
				04671F962C410EB900EF5C1B /* DividerLine.swift */,
			);
			path = CustomView;
			sourceTree = "<group>";
		};
		0425CB8D2C426C7300B94F4D /* Home */ = {
			isa = PBXGroup;
			children = (
				04671F652C3FBDD700EF5C1B /* MainViewController.swift */,
				04671F982C4118D000EF5C1B /* ThreeHoursCollectionViewCell.swift */,
				0425CB812C417C9A00B94F4D /* FiveDaysTableViewCell.swift */,
				04FD29562C437FB8001C6739 /* WeatherDetailCollectionViewCell.swift */,
				04671F912C41043E00EF5C1B /* ViewModel */,
			);
			path = Home;
			sourceTree = "<group>";
		};
		0425CB8E2C426C8000B94F4D /* CityList */ = {
			isa = PBXGroup;
			children = (
				0425CB8B2C4267AF00B94F4D /* CityListViewController.swift */,
				0425CB8F2C426CA700B94F4D /* CityListTableViewCell.swift */,
				0409EB912C46983500BAB702 /* ViewModel */,
			);
			path = CityList;
			sourceTree = "<group>";
		};
		0425CBA12C42CF2B00B94F4D /* Extension */ = {
			isa = PBXGroup;
			children = (
				0425CBA22C42CF3D00B94F4D /* String+Extension.swift */,
				04FD29582C438ADC001C6739 /* UIViewController+Extension.swift */,
			);
			path = Extension;
			sourceTree = "<group>";
		};
		04671F552C3FBDD600EF5C1B = {
			isa = PBXGroup;
			children = (
				04671F752C3FBE0000EF5C1B /* .gitignore */,
				04671F602C3FBDD700EF5C1B /* OpenWeather */,
				04671F5F2C3FBDD700EF5C1B /* Products */,
			);
			sourceTree = "<group>";
		};
		04671F5F2C3FBDD700EF5C1B /* Products */ = {
			isa = PBXGroup;
			children = (
				04671F5E2C3FBDD700EF5C1B /* OpenWeather.app */,
			);
			name = Products;
			sourceTree = "<group>";
		};
		04671F602C3FBDD700EF5C1B /* OpenWeather */ = {
			isa = PBXGroup;
			children = (
				04671F612C3FBDD700EF5C1B /* AppDelegate.swift */,
				04671F632C3FBDD700EF5C1B /* SceneDelegate.swift */,
				04671F812C3FD90200EF5C1B /* Model */,
				04671F822C3FD91100EF5C1B /* View */,
				04FD295E2C439888001C6739 /* ViewResource */,
				04FD295C2C439312001C6739 /* Network */,
				04FD295D2C439375001C6739 /* Data */,
				0425CBA12C42CF2B00B94F4D /* Extension */,
				04671F6A2C3FBDD800EF5C1B /* Assets.xcassets */,
				04671F6C2C3FBDD800EF5C1B /* LaunchScreen.storyboard */,
				04671F6F2C3FBDD800EF5C1B /* Info.plist */,
				04671F852C3FDA0E00EF5C1B /* APIKey.swift */,
				0425CB872C42569200B94F4D /* CityList.json */,
			);
			path = OpenWeather;
			sourceTree = "<group>";
		};
		04671F812C3FD90200EF5C1B /* Model */ = {
			isa = PBXGroup;
			children = (
				04671F832C3FD92000EF5C1B /* Weather.swift */,
				0425CB892C4257B800B94F4D /* City.swift */,
				04FD295A2C439304001C6739 /* Enum.swift */,
			);
			path = Model;
			sourceTree = "<group>";
		};
		04671F822C3FD91100EF5C1B /* View */ = {
			isa = PBXGroup;
			children = (
				0425CB8D2C426C7300B94F4D /* Home */,
				0425CB8E2C426C8000B94F4D /* CityList */,
				047EB4C52C47923E00612562 /* MapView */,
			);
			path = View;
			sourceTree = "<group>";
		};
		04671F912C41043E00EF5C1B /* ViewModel */ = {
			isa = PBXGroup;
			children = (
				04671F892C40EAA500EF5C1B /* MainViewModel.swift */,
			);
			path = ViewModel;
			sourceTree = "<group>";
		};
		047EB4C52C47923E00612562 /* MapView */ = {
			isa = PBXGroup;
			children = (
				047EB4C82C47929C00612562 /* SelectLocationMapView.swift */,
			);
			path = MapView;
			sourceTree = "<group>";
		};
		04FD295C2C439312001C6739 /* Network */ = {
			isa = PBXGroup;
			children = (
				04671F872C3FE06D00EF5C1B /* OpenWeatherManager.swift */,
				04671F8F2C40EFE100EF5C1B /* OpenWeatherRouter.swift */,
			);
			path = Network;
			sourceTree = "<group>";
		};
		04FD295D2C439375001C6739 /* Data */ = {
			isa = PBXGroup;
			children = (
				0425CB9F2C42CDFE00B94F4D /* UserDefaultsManager.swift */,
			);
			path = Data;
			sourceTree = "<group>";
		};
		04FD295E2C439888001C6739 /* ViewResource */ = {
			isa = PBXGroup;
			children = (
				04671F9A2C411B6300EF5C1B /* IDProtocol.swift */,
				04671F8D2C40EE5300EF5C1B /* Observable.swift */,
				0425CB7E2C413D6E00B94F4D /* CustomView */,
			);
			path = ViewResource;
			sourceTree = "<group>";
		};
/* End PBXGroup section */

/* Begin PBXNativeTarget section */
		04671F5D2C3FBDD700EF5C1B /* OpenWeather */ = {
			isa = PBXNativeTarget;
			buildConfigurationList = 04671F722C3FBDD800EF5C1B /* Build configuration list for PBXNativeTarget "OpenWeather" */;
			buildPhases = (
				04671F5A2C3FBDD700EF5C1B /* Sources */,
				04671F5B2C3FBDD700EF5C1B /* Frameworks */,
				04671F5C2C3FBDD700EF5C1B /* Resources */,
			);
			buildRules = (
			);
			dependencies = (
			);
			name = OpenWeather;
			packageProductDependencies = (
				04671F7C2C3FC29A00EF5C1B /* SnapKit */,
				04671F7F2C3FC2C700EF5C1B /* Alamofire */,
				04671F9D2C4123D500EF5C1B /* Kingfisher */,
				0425CB922C42B6C300B94F4D /* IQKeyboardManagerSwift */,
			);
			productName = OpenWeather;
			productReference = 04671F5E2C3FBDD700EF5C1B /* OpenWeather.app */;
			productType = "com.apple.product-type.application";
		};
/* End PBXNativeTarget section */

/* Begin PBXProject section */
		04671F562C3FBDD600EF5C1B /* Project object */ = {
			isa = PBXProject;
			attributes = {
				BuildIndependentTargetsInParallel = 1;
				LastSwiftUpdateCheck = 1540;
				LastUpgradeCheck = 1540;
				TargetAttributes = {
					04671F5D2C3FBDD700EF5C1B = {
						CreatedOnToolsVersion = 15.4;
					};
				};
			};
			buildConfigurationList = 04671F592C3FBDD600EF5C1B /* Build configuration list for PBXProject "OpenWeather" */;
			compatibilityVersion = "Xcode 14.0";
			developmentRegion = en;
			hasScannedForEncodings = 0;
			knownRegions = (
				en,
				Base,
			);
			mainGroup = 04671F552C3FBDD600EF5C1B;
			packageReferences = (
				04671F7B2C3FC29A00EF5C1B /* XCRemoteSwiftPackageReference "SnapKit" */,
				04671F7E2C3FC2C700EF5C1B /* XCRemoteSwiftPackageReference "Alamofire" */,
				04671F9C2C4123D500EF5C1B /* XCRemoteSwiftPackageReference "Kingfisher" */,
				0425CB912C42B6C300B94F4D /* XCRemoteSwiftPackageReference "IQKeyboardManager" */,
			);
			productRefGroup = 04671F5F2C3FBDD700EF5C1B /* Products */;
			projectDirPath = "";
			projectRoot = "";
			targets = (
				04671F5D2C3FBDD700EF5C1B /* OpenWeather */,
			);
		};
/* End PBXProject section */

/* Begin PBXResourcesBuildPhase section */
		04671F5C2C3FBDD700EF5C1B /* Resources */ = {
			isa = PBXResourcesBuildPhase;
			buildActionMask = 2147483647;
			files = (
				04671F762C3FBE0000EF5C1B /* .gitignore in Resources */,
				04671F6B2C3FBDD800EF5C1B /* Assets.xcassets in Resources */,
				0425CB882C42569200B94F4D /* CityList.json in Resources */,
				04671F6E2C3FBDD800EF5C1B /* Base in Resources */,
			);
			runOnlyForDeploymentPostprocessing = 0;
		};
/* End PBXResourcesBuildPhase section */

/* Begin PBXSourcesBuildPhase section */
		04671F5A2C3FBDD700EF5C1B /* Sources */ = {
			isa = PBXSourcesBuildPhase;
			buildActionMask = 2147483647;
			files = (
				04671F8E2C40EE5300EF5C1B /* Observable.swift in Sources */,
				0425CBA32C42CF3D00B94F4D /* String+Extension.swift in Sources */,
				04FD295B2C439304001C6739 /* Enum.swift in Sources */,
				04671F842C3FD92000EF5C1B /* Weather.swift in Sources */,
				04671F662C3FBDD700EF5C1B /* MainViewController.swift in Sources */,
				04671F9B2C411B6300EF5C1B /* IDProtocol.swift in Sources */,
				04FD29572C437FB8001C6739 /* WeatherDetailCollectionViewCell.swift in Sources */,
				0425CB842C418AB500B94F4D /* MainBottomView.swift in Sources */,
				04FD29592C438ADC001C6739 /* UIViewController+Extension.swift in Sources */,
				04671F952C410E6700EF5C1B /* WeatherDetailView.swift in Sources */,
				0425CBA02C42CDFE00B94F4D /* UserDefaultsManager.swift in Sources */,
				04671F622C3FBDD700EF5C1B /* AppDelegate.swift in Sources */,
				0409EB902C46820600BAB702 /* CityListViewModel.swift in Sources */,
				04671F902C40EFE100EF5C1B /* OpenWeatherRouter.swift in Sources */,
				04671F642C3FBDD700EF5C1B /* SceneDelegate.swift in Sources */,
				0425CB8A2C4257B800B94F4D /* City.swift in Sources */,
				04671F882C3FE06D00EF5C1B /* OpenWeatherManager.swift in Sources */,
				0425CB822C417C9A00B94F4D /* FiveDaysTableViewCell.swift in Sources */,
				047EB4C92C47929C00612562 /* SelectLocationMapView.swift in Sources */,
				04671F972C410EB900EF5C1B /* DividerLine.swift in Sources */,
				04671F862C3FDA0E00EF5C1B /* APIKey.swift in Sources */,
				0425CB802C41664E00B94F4D /* CurrentWeatherView.swift in Sources */,
				04671F992C4118D000EF5C1B /* ThreeHoursCollectionViewCell.swift in Sources */,
				0425CB902C426CA700B94F4D /* CityListTableViewCell.swift in Sources */,
				04671F8A2C40EAA500EF5C1B /* MainViewModel.swift in Sources */,
				0425CB8C2C4267AF00B94F4D /* CityListViewController.swift in Sources */,
			);
			runOnlyForDeploymentPostprocessing = 0;
		};
/* End PBXSourcesBuildPhase section */

/* Begin PBXVariantGroup section */
		04671F6C2C3FBDD800EF5C1B /* LaunchScreen.storyboard */ = {
			isa = PBXVariantGroup;
			children = (
				04671F6D2C3FBDD800EF5C1B /* Base */,
			);
			name = LaunchScreen.storyboard;
			sourceTree = "<group>";
		};
/* End PBXVariantGroup section */

/* Begin XCBuildConfiguration section */
		04671F702C3FBDD800EF5C1B /* Debug */ = {
			isa = XCBuildConfiguration;
			buildSettings = {
				ALWAYS_SEARCH_USER_PATHS = NO;
				ASSETCATALOG_COMPILER_GENERATE_SWIFT_ASSET_SYMBOL_EXTENSIONS = YES;
				CLANG_ANALYZER_NONNULL = YES;
				CLANG_ANALYZER_NUMBER_OBJECT_CONVERSION = YES_AGGRESSIVE;
				CLANG_CXX_LANGUAGE_STANDARD = "gnu++20";
				CLANG_ENABLE_MODULES = YES;
				CLANG_ENABLE_OBJC_ARC = YES;
				CLANG_ENABLE_OBJC_WEAK = YES;
				CLANG_WARN_BLOCK_CAPTURE_AUTORELEASING = YES;
				CLANG_WARN_BOOL_CONVERSION = YES;
				CLANG_WARN_COMMA = YES;
				CLANG_WARN_CONSTANT_CONVERSION = YES;
				CLANG_WARN_DEPRECATED_OBJC_IMPLEMENTATIONS = YES;
				CLANG_WARN_DIRECT_OBJC_ISA_USAGE = YES_ERROR;
				CLANG_WARN_DOCUMENTATION_COMMENTS = YES;
				CLANG_WARN_EMPTY_BODY = YES;
				CLANG_WARN_ENUM_CONVERSION = YES;
				CLANG_WARN_INFINITE_RECURSION = YES;
				CLANG_WARN_INT_CONVERSION = YES;
				CLANG_WARN_NON_LITERAL_NULL_CONVERSION = YES;
				CLANG_WARN_OBJC_IMPLICIT_RETAIN_SELF = YES;
				CLANG_WARN_OBJC_LITERAL_CONVERSION = YES;
				CLANG_WARN_OBJC_ROOT_CLASS = YES_ERROR;
				CLANG_WARN_QUOTED_INCLUDE_IN_FRAMEWORK_HEADER = YES;
				CLANG_WARN_RANGE_LOOP_ANALYSIS = YES;
				CLANG_WARN_STRICT_PROTOTYPES = YES;
				CLANG_WARN_SUSPICIOUS_MOVE = YES;
				CLANG_WARN_UNGUARDED_AVAILABILITY = YES_AGGRESSIVE;
				CLANG_WARN_UNREACHABLE_CODE = YES;
				CLANG_WARN__DUPLICATE_METHOD_MATCH = YES;
				COPY_PHASE_STRIP = NO;
				DEBUG_INFORMATION_FORMAT = dwarf;
				ENABLE_STRICT_OBJC_MSGSEND = YES;
				ENABLE_TESTABILITY = YES;
				ENABLE_USER_SCRIPT_SANDBOXING = YES;
				GCC_C_LANGUAGE_STANDARD = gnu17;
				GCC_DYNAMIC_NO_PIC = NO;
				GCC_NO_COMMON_BLOCKS = YES;
				GCC_OPTIMIZATION_LEVEL = 0;
				GCC_PREPROCESSOR_DEFINITIONS = (
					"DEBUG=1",
					"$(inherited)",
				);
				GCC_WARN_64_TO_32_BIT_CONVERSION = YES;
				GCC_WARN_ABOUT_RETURN_TYPE = YES_ERROR;
				GCC_WARN_UNDECLARED_SELECTOR = YES;
				GCC_WARN_UNINITIALIZED_AUTOS = YES_AGGRESSIVE;
				GCC_WARN_UNUSED_FUNCTION = YES;
				GCC_WARN_UNUSED_VARIABLE = YES;
				IPHONEOS_DEPLOYMENT_TARGET = 17.5;
				LOCALIZATION_PREFERS_STRING_CATALOGS = YES;
				MTL_ENABLE_DEBUG_INFO = INCLUDE_SOURCE;
				MTL_FAST_MATH = YES;
				ONLY_ACTIVE_ARCH = YES;
				SDKROOT = iphoneos;
				SWIFT_ACTIVE_COMPILATION_CONDITIONS = "DEBUG $(inherited)";
				SWIFT_OPTIMIZATION_LEVEL = "-Onone";
			};
			name = Debug;
		};
		04671F712C3FBDD800EF5C1B /* Release */ = {
			isa = XCBuildConfiguration;
			buildSettings = {
				ALWAYS_SEARCH_USER_PATHS = NO;
				ASSETCATALOG_COMPILER_GENERATE_SWIFT_ASSET_SYMBOL_EXTENSIONS = YES;
				CLANG_ANALYZER_NONNULL = YES;
				CLANG_ANALYZER_NUMBER_OBJECT_CONVERSION = YES_AGGRESSIVE;
				CLANG_CXX_LANGUAGE_STANDARD = "gnu++20";
				CLANG_ENABLE_MODULES = YES;
				CLANG_ENABLE_OBJC_ARC = YES;
				CLANG_ENABLE_OBJC_WEAK = YES;
				CLANG_WARN_BLOCK_CAPTURE_AUTORELEASING = YES;
				CLANG_WARN_BOOL_CONVERSION = YES;
				CLANG_WARN_COMMA = YES;
				CLANG_WARN_CONSTANT_CONVERSION = YES;
				CLANG_WARN_DEPRECATED_OBJC_IMPLEMENTATIONS = YES;
				CLANG_WARN_DIRECT_OBJC_ISA_USAGE = YES_ERROR;
				CLANG_WARN_DOCUMENTATION_COMMENTS = YES;
				CLANG_WARN_EMPTY_BODY = YES;
				CLANG_WARN_ENUM_CONVERSION = YES;
				CLANG_WARN_INFINITE_RECURSION = YES;
				CLANG_WARN_INT_CONVERSION = YES;
				CLANG_WARN_NON_LITERAL_NULL_CONVERSION = YES;
				CLANG_WARN_OBJC_IMPLICIT_RETAIN_SELF = YES;
				CLANG_WARN_OBJC_LITERAL_CONVERSION = YES;
				CLANG_WARN_OBJC_ROOT_CLASS = YES_ERROR;
				CLANG_WARN_QUOTED_INCLUDE_IN_FRAMEWORK_HEADER = YES;
				CLANG_WARN_RANGE_LOOP_ANALYSIS = YES;
				CLANG_WARN_STRICT_PROTOTYPES = YES;
				CLANG_WARN_SUSPICIOUS_MOVE = YES;
				CLANG_WARN_UNGUARDED_AVAILABILITY = YES_AGGRESSIVE;
				CLANG_WARN_UNREACHABLE_CODE = YES;
				CLANG_WARN__DUPLICATE_METHOD_MATCH = YES;
				COPY_PHASE_STRIP = NO;
				DEBUG_INFORMATION_FORMAT = "dwarf-with-dsym";
				ENABLE_NS_ASSERTIONS = NO;
				ENABLE_STRICT_OBJC_MSGSEND = YES;
				ENABLE_USER_SCRIPT_SANDBOXING = YES;
				GCC_C_LANGUAGE_STANDARD = gnu17;
				GCC_NO_COMMON_BLOCKS = YES;
				GCC_WARN_64_TO_32_BIT_CONVERSION = YES;
				GCC_WARN_ABOUT_RETURN_TYPE = YES_ERROR;
				GCC_WARN_UNDECLARED_SELECTOR = YES;
				GCC_WARN_UNINITIALIZED_AUTOS = YES_AGGRESSIVE;
				GCC_WARN_UNUSED_FUNCTION = YES;
				GCC_WARN_UNUSED_VARIABLE = YES;
				IPHONEOS_DEPLOYMENT_TARGET = 17.5;
				LOCALIZATION_PREFERS_STRING_CATALOGS = YES;
				MTL_ENABLE_DEBUG_INFO = NO;
				MTL_FAST_MATH = YES;
				SDKROOT = iphoneos;
				SWIFT_COMPILATION_MODE = wholemodule;
				VALIDATE_PRODUCT = YES;
			};
			name = Release;
		};
		04671F732C3FBDD800EF5C1B /* Debug */ = {
			isa = XCBuildConfiguration;
			buildSettings = {
				ASSETCATALOG_COMPILER_APPICON_NAME = AppIcon;
				ASSETCATALOG_COMPILER_GLOBAL_ACCENT_COLOR_NAME = AccentColor;
				CODE_SIGN_STYLE = Automatic;
				CURRENT_PROJECT_VERSION = 1;
				DEVELOPMENT_TEAM = "";
				GENERATE_INFOPLIST_FILE = YES;
				INFOPLIST_FILE = OpenWeather/Info.plist;
				INFOPLIST_KEY_UIApplicationSupportsIndirectInputEvents = YES;
				INFOPLIST_KEY_UILaunchStoryboardName = LaunchScreen;
				INFOPLIST_KEY_UISupportedInterfaceOrientations = UIInterfaceOrientationPortrait;
				INFOPLIST_KEY_UISupportedInterfaceOrientations_iPad = "UIInterfaceOrientationLandscapeLeft UIInterfaceOrientationLandscapeRight UIInterfaceOrientationPortrait UIInterfaceOrientationPortraitUpsideDown";
				IPHONEOS_DEPLOYMENT_TARGET = 16.0;
				LD_RUNPATH_SEARCH_PATHS = (
					"$(inherited)",
					"@executable_path/Frameworks",
				);
				MARKETING_VERSION = 1.0;
				PRODUCT_BUNDLE_IDENTIFIER = com.harvey.OpenWeather;
				PRODUCT_NAME = "$(TARGET_NAME)";
				SUPPORTED_PLATFORMS = "iphoneos iphonesimulator";
				SUPPORTS_MACCATALYST = NO;
				SUPPORTS_MAC_DESIGNED_FOR_IPHONE_IPAD = NO;
				SUPPORTS_XR_DESIGNED_FOR_IPHONE_IPAD = NO;
				SWIFT_EMIT_LOC_STRINGS = YES;
				SWIFT_VERSION = 5.0;
				TARGETED_DEVICE_FAMILY = 1;
			};
			name = Debug;
		};
		04671F742C3FBDD800EF5C1B /* Release */ = {
			isa = XCBuildConfiguration;
			buildSettings = {
				ASSETCATALOG_COMPILER_APPICON_NAME = AppIcon;
				ASSETCATALOG_COMPILER_GLOBAL_ACCENT_COLOR_NAME = AccentColor;
				CODE_SIGN_STYLE = Automatic;
				CURRENT_PROJECT_VERSION = 1;
				DEVELOPMENT_TEAM = "";
				GENERATE_INFOPLIST_FILE = YES;
				INFOPLIST_FILE = OpenWeather/Info.plist;
				INFOPLIST_KEY_UIApplicationSupportsIndirectInputEvents = YES;
				INFOPLIST_KEY_UILaunchStoryboardName = LaunchScreen;
				INFOPLIST_KEY_UISupportedInterfaceOrientations = UIInterfaceOrientationPortrait;
				INFOPLIST_KEY_UISupportedInterfaceOrientations_iPad = "UIInterfaceOrientationLandscapeLeft UIInterfaceOrientationLandscapeRight UIInterfaceOrientationPortrait UIInterfaceOrientationPortraitUpsideDown";
				IPHONEOS_DEPLOYMENT_TARGET = 16.0;
				LD_RUNPATH_SEARCH_PATHS = (
					"$(inherited)",
					"@executable_path/Frameworks",
				);
				MARKETING_VERSION = 1.0;
				PRODUCT_BUNDLE_IDENTIFIER = com.harvey.OpenWeather;
				PRODUCT_NAME = "$(TARGET_NAME)";
				SUPPORTED_PLATFORMS = "iphoneos iphonesimulator";
				SUPPORTS_MACCATALYST = NO;
				SUPPORTS_MAC_DESIGNED_FOR_IPHONE_IPAD = NO;
				SUPPORTS_XR_DESIGNED_FOR_IPHONE_IPAD = NO;
				SWIFT_EMIT_LOC_STRINGS = YES;
				SWIFT_VERSION = 5.0;
				TARGETED_DEVICE_FAMILY = 1;
			};
			name = Release;
		};
/* End XCBuildConfiguration section */

/* Begin XCConfigurationList section */
		04671F592C3FBDD600EF5C1B /* Build configuration list for PBXProject "OpenWeather" */ = {
			isa = XCConfigurationList;
			buildConfigurations = (
				04671F702C3FBDD800EF5C1B /* Debug */,
				04671F712C3FBDD800EF5C1B /* Release */,
			);
			defaultConfigurationIsVisible = 0;
			defaultConfigurationName = Release;
		};
		04671F722C3FBDD800EF5C1B /* Build configuration list for PBXNativeTarget "OpenWeather" */ = {
			isa = XCConfigurationList;
			buildConfigurations = (
				04671F732C3FBDD800EF5C1B /* Debug */,
				04671F742C3FBDD800EF5C1B /* Release */,
			);
			defaultConfigurationIsVisible = 0;
			defaultConfigurationName = Release;
		};
/* End XCConfigurationList section */

/* Begin XCRemoteSwiftPackageReference section */
		0425CB912C42B6C300B94F4D /* XCRemoteSwiftPackageReference "IQKeyboardManager" */ = {
			isa = XCRemoteSwiftPackageReference;
			repositoryURL = "https://github.com/hackiftekhar/IQKeyboardManager.git";
			requirement = {
				kind = upToNextMajorVersion;
				minimumVersion = 7.0.3;
			};
		};
		04671F7B2C3FC29A00EF5C1B /* XCRemoteSwiftPackageReference "SnapKit" */ = {
			isa = XCRemoteSwiftPackageReference;
			repositoryURL = "https://github.com/SnapKit/SnapKit.git";
			requirement = {
				kind = upToNextMajorVersion;
				minimumVersion = 5.7.1;
			};
		};
		04671F7E2C3FC2C700EF5C1B /* XCRemoteSwiftPackageReference "Alamofire" */ = {
			isa = XCRemoteSwiftPackageReference;
			repositoryURL = "https://github.com/Alamofire/Alamofire.git";
			requirement = {
				kind = upToNextMajorVersion;
				minimumVersion = 5.9.1;
			};
		};
		04671F9C2C4123D500EF5C1B /* XCRemoteSwiftPackageReference "Kingfisher" */ = {
			isa = XCRemoteSwiftPackageReference;
			repositoryURL = "https://github.com/onevcat/Kingfisher.git";
			requirement = {
				kind = upToNextMajorVersion;
				minimumVersion = 7.12.0;
			};
		};
/* End XCRemoteSwiftPackageReference section */

/* Begin XCSwiftPackageProductDependency section */
		0425CB922C42B6C300B94F4D /* IQKeyboardManagerSwift */ = {
			isa = XCSwiftPackageProductDependency;
			package = 0425CB912C42B6C300B94F4D /* XCRemoteSwiftPackageReference "IQKeyboardManager" */;
			productName = IQKeyboardManagerSwift;
		};
		04671F7C2C3FC29A00EF5C1B /* SnapKit */ = {
			isa = XCSwiftPackageProductDependency;
			package = 04671F7B2C3FC29A00EF5C1B /* XCRemoteSwiftPackageReference "SnapKit" */;
			productName = SnapKit;
		};
		04671F7F2C3FC2C700EF5C1B /* Alamofire */ = {
			isa = XCSwiftPackageProductDependency;
			package = 04671F7E2C3FC2C700EF5C1B /* XCRemoteSwiftPackageReference "Alamofire" */;
			productName = Alamofire;
		};
		04671F9D2C4123D500EF5C1B /* Kingfisher */ = {
			isa = XCSwiftPackageProductDependency;
			package = 04671F9C2C4123D500EF5C1B /* XCRemoteSwiftPackageReference "Kingfisher" */;
			productName = Kingfisher;
		};
/* End XCSwiftPackageProductDependency section */
	};
	rootObject = 04671F562C3FBDD600EF5C1B /* Project object */;
}
